
Microsoft Visual Studio Solution File, Format Version 12.00
Project("{FAE04EC0-301F-11D3-BF4B-00C04F79EFBC}") = "CSharp", "CSharp\CSharp.csproj", "{E80962FF-1426-43FC-9D6B-EA0F948940D5}"
EndProject
Project("{F2A71F9B-5D33-465A-A702-920D77279786}") = "FSharp", "FSharp\FSharp.fsproj", "{D53D61FE-8308-4FC8-98DB-8105DB360993}"
EndProject
Global
	GlobalSection(SolutionConfigurationPlatforms) = preSolution
		Debug|Any CPU = Debug|Any CPU
		Release|Any CPU = Release|Any CPU
	EndGlobalSection
	GlobalSection(ProjectConfigurationPlatforms) = postSolution
		{E80962FF-1426-43FC-9D6B-EA0F948940D5}.Debug|Any CPU.ActiveCfg = Debug|Any CPU
		{E80962FF-1426-43FC-9D6B-EA0F948940D5}.Debug|Any CPU.Build.0 = Debug|Any CPU
		{E80962FF-1426-43FC-9D6B-EA0F948940D5}.Release|Any CPU.ActiveCfg = Release|Any CPU
		{E80962FF-1426-43FC-9D6B-EA0F948940D5}.Release|Any CPU.Build.0 = Release|Any CPU
		{D53D61FE-8308-4FC8-98DB-8105DB360993}.Debug|Any CPU.ActiveCfg = Debug|Any CPU
		{D53D61FE-8308-4FC8-98DB-8105DB360993}.Debug|Any CPU.Build.0 = Debug|Any CPU
		{D53D61FE-8308-4FC8-98DB-8105DB360993}.Release|Any CPU.ActiveCfg = Release|Any CPU
		{D53D61FE-8308-4FC8-98DB-8105DB360993}.Release|Any CPU.Build.0 = Release|Any CPU
	EndGlobalSection
EndGlobal
